
Microsoft Visual Studio Solution File, Format Version 12.00
# Visual Studio Version 17
VisualStudioVersion = 17.3.32929.385
MinimumVisualStudioVersion = 10.0.40219.1
Project("{FAE04EC0-301F-11D3-BF4B-00C04F79EFBC}") = "PrimerDemo", "PrimerDemo\PrimerDemo.csproj", "{44DABD19-7DEB-4B70-A2B3-D532C226C67B}"
EndProject
Global
	GlobalSection(SolutionConfigurationPlatforms) = preSolution
		Debug|Any CPU = Debug|Any CPU
		Release|Any CPU = Release|Any CPU
	EndGlobalSection
	GlobalSection(ProjectConfigurationPlatforms) = postSolution
		{44DABD19-7DEB-4B70-A2B3-D532C226C67B}.Debug|Any CPU.ActiveCfg = Debug|Any CPU
		{44DABD19-7DEB-4B70-A2B3-D532C226C67B}.Debug|Any CPU.Build.0 = Debug|Any CPU
		{44DABD19-7DEB-4B70-A2B3-D532C226C67B}.Release|Any CPU.ActiveCfg = Release|Any CPU
		{44DABD19-7DEB-4B70-A2B3-D532C226C67B}.Release|Any CPU.Build.0 = Release|Any CPU
	EndGlobalSection
	GlobalSection(SolutionProperties) = preSolution
		HideSolutionNode = FALSE
	EndGlobalSection
	GlobalSection(ExtensibilityGlobals) = postSolution
		SolutionGuid = {30FDED57-E841-45EC-A37D-E8583D657C47}
	EndGlobalSection
EndGlobal
